
Microsoft Visual Studio Solution File, Format Version 12.00
# Visual Studio Version 16
VisualStudioVersion = 16.0.30804.86
MinimumVisualStudioVersion = 10.0.40219.1
Project("{00D1A9C2-B5F0-4AF3-8072-F6C62B433612}") = "ProgrammingCloud.DB", "ProgrammingCloud.DB\ProgrammingCloud.DB.sqlproj", "{4AF0202C-E2A8-4548-84FF-258693DA4A67}"
EndProject
Global
	GlobalSection(SolutionConfigurationPlatforms) = preSolution
		Debug|Any CPU = Debug|Any CPU
		Release|Any CPU = Release|Any CPU
	EndGlobalSection
	GlobalSection(ProjectConfigurationPlatforms) = postSolution
		{4AF0202C-E2A8-4548-84FF-258693DA4A67}.Debug|Any CPU.ActiveCfg = Debug|Any CPU
		{4AF0202C-E2A8-4548-84FF-258693DA4A67}.Debug|Any CPU.Build.0 = Debug|Any CPU
		{4AF0202C-E2A8-4548-84FF-258693DA4A67}.Debug|Any CPU.Deploy.0 = Debug|Any CPU
		{4AF0202C-E2A8-4548-84FF-258693DA4A67}.Release|Any CPU.ActiveCfg = Release|Any CPU
		{4AF0202C-E2A8-4548-84FF-258693DA4A67}.Release|Any CPU.Build.0 = Release|Any CPU
		{4AF0202C-E2A8-4548-84FF-258693DA4A67}.Release|Any CPU.Deploy.0 = Release|Any CPU
	EndGlobalSection
	GlobalSection(SolutionProperties) = preSolution
		HideSolutionNode = FALSE
	EndGlobalSection
	GlobalSection(ExtensibilityGlobals) = postSolution
		SolutionGuid = {102E9B29-31C4-4B60-B150-FB8BAB560961}
	EndGlobalSection
EndGlobal
